// !$*UTF8*$!
{
	archiveVersion = 1;
	classes = {
	};
	objectVersion = 46;
	objects = {

/* Begin PBXBuildFile section */
		C991F8071A6FF6C700647E33 /* main.m in Sources */ = {isa = PBXBuildFile; fileRef = C991F8061A6FF6C700647E33 /* main.m */; };
		C991F80A1A6FF6C700647E33 /* AppDelegate.m in Sources */ = {isa = PBXBuildFile; fileRef = C991F8091A6FF6C700647E33 /* AppDelegate.m */; };
		C991F80D1A6FF6C700647E33 /* ViewController.m in Sources */ = {isa = PBXBuildFile; fileRef = C991F80C1A6FF6C700647E33 /* ViewController.m */; };
		C991F8101A6FF6C700647E33 /* Main.storyboard in Resources */ = {isa = PBXBuildFile; fileRef = C991F80E1A6FF6C700647E33 /* Main.storyboard */; };
		C991F8121A6FF6C700647E33 /* Images.xcassets in Resources */ = {isa = PBXBuildFile; fileRef = C991F8111A6FF6C700647E33 /* Images.xcassets */; };
		C991F8151A6FF6C700647E33 /* LaunchScreen.xib in Resources */ = {isa = PBXBuildFile; fileRef = C991F8131A6FF6C700647E33 /* LaunchScreen.xib */; };
		C991F8211A6FF6C700647E33 /* FoldableTableViewTests.m in Sources */ = {isa = PBXBuildFile; fileRef = C991F8201A6FF6C700647E33 /* FoldableTableViewTests.m */; };
		C991F82C1A6FFB3B00647E33 /* RoomGroupTableViewCell.m in Sources */ = {isa = PBXBuildFile; fileRef = C991F82B1A6FFB3B00647E33 /* RoomGroupTableViewCell.m */; };
		C991F82F1A6FFB4D00647E33 /* RoomTableViewCell.m in Sources */ = {isa = PBXBuildFile; fileRef = C991F82E1A6FFB4D00647E33 /* RoomTableViewCell.m */; };
/* End PBXBuildFile section */

/* Begin PBXContainerItemProxy section */
		C991F81B1A6FF6C700647E33 /* PBXContainerItemProxy */ = {
			isa = PBXContainerItemProxy;
			containerPortal = C991F7F91A6FF6C700647E33 /* Project object */;
			proxyType = 1;
			remoteGlobalIDString = C991F8001A6FF6C700647E33;
			remoteInfo = FoldableTableView;
		};
/* End PBXContainerItemProxy section */

/* Begin PBXFileReference section */
		C991F8011A6FF6C700647E33 /* FoldableTableView.app */ = {isa = PBXFileReference; explicitFileType = wrapper.application; includeInIndex = 0; path = FoldableTableView.app; sourceTree = BUILT_PRODUCTS_DIR; };
		C991F8051A6FF6C700647E33 /* Info.plist */ = {isa = PBXFileReference; lastKnownFileType = text.plist.xml; path = Info.plist; sourceTree = "<group>"; };
		C991F8061A6FF6C700647E33 /* main.m */ = {isa = PBXFileReference; lastKnownFileType = sourcecode.c.objc; path = main.m; sourceTree = "<group>"; };
		C991F8081A6FF6C700647E33 /* AppDelegate.h */ = {isa = PBXFileReference; lastKnownFileType = sourcecode.c.h; path = AppDelegate.h; sourceTree = "<group>"; };
		C991F8091A6FF6C700647E33 /* AppDelegate.m */ = {isa = PBXFileReference; lastKnownFileType = sourcecode.c.objc; path = AppDelegate.m; sourceTree = "<group>"; };
		C991F80B1A6FF6C700647E33 /* ViewController.h */ = {isa = PBXFileReference; lastKnownFileType = sourcecode.c.h; path = ViewController.h; sourceTree = "<group>"; };
		C991F80C1A6FF6C700647E33 /* ViewController.m */ = {isa = PBXFileReference; lastKnownFileType = sourcecode.c.objc; path = ViewController.m; sourceTree = "<group>"; };
		C991F80F1A6FF6C700647E33 /* Base */ = {isa = PBXFileReference; lastKnownFileType = file.storyboard; name = Base; path = Base.lproj/Main.storyboard; sourceTree = "<group>"; };
		C991F8111A6FF6C700647E33 /* Images.xcassets */ = {isa = PBXFileReference; lastKnownFileType = folder.assetcatalog; path = Images.xcassets; sourceTree = "<group>"; };
		C991F8141A6FF6C700647E33 /* Base */ = {isa = PBXFileReference; lastKnownFileType = file.xib; name = Base; path = Base.lproj/LaunchScreen.xib; sourceTree = "<group>"; };
		C991F81A1A6FF6C700647E33 /* FoldableTableViewTests.xctest */ = {isa = PBXFileReference; explicitFileType = wrapper.cfbundle; includeInIndex = 0; path = FoldableTableViewTests.xctest; sourceTree = BUILT_PRODUCTS_DIR; };
		C991F81F1A6FF6C700647E33 /* Info.plist */ = {isa = PBXFileReference; lastKnownFileType = text.plist.xml; path = Info.plist; sourceTree = "<group>"; };
		C991F8201A6FF6C700647E33 /* FoldableTableViewTests.m */ = {isa = PBXFileReference; lastKnownFileType = sourcecode.c.objc; path = FoldableTableViewTests.m; sourceTree = "<group>"; };
		C991F82A1A6FFB3B00647E33 /* RoomGroupTableViewCell.h */ = {isa = PBXFileReference; fileEncoding = 4; lastKnownFileType = sourcecode.c.h; path = RoomGroupTableViewCell.h; sourceTree = "<group>"; };
		C991F82B1A6FFB3B00647E33 /* RoomGroupTableViewCell.m */ = {isa = PBXFileReference; fileEncoding = 4; lastKnownFileType = sourcecode.c.objc; path = RoomGroupTableViewCell.m; sourceTree = "<group>"; };
		C991F82D1A6FFB4D00647E33 /* RoomTableViewCell.h */ = {isa = PBXFileReference; fileEncoding = 4; lastKnownFileType = sourcecode.c.h; path = RoomTableViewCell.h; sourceTree = "<group>"; };
		C991F82E1A6FFB4D00647E33 /* RoomTableViewCell.m */ = {isa = PBXFileReference; fileEncoding = 4; lastKnownFileType = sourcecode.c.objc; path = RoomTableViewCell.m; sourceTree = "<group>"; };
/* End PBXFileReference section */

/* Begin PBXFrameworksBuildPhase section */
		C991F7FE1A6FF6C700647E33 /* Frameworks */ = {
			isa = PBXFrameworksBuildPhase;
			buildActionMask = 2147483647;
			files = (
			);
			runOnlyForDeploymentPostprocessing = 0;
		};
		C991F8171A6FF6C700647E33 /* Frameworks */ = {
			isa = PBXFrameworksBuildPhase;
			buildActionMask = 2147483647;
			files = (
			);
			runOnlyForDeploymentPostprocessing = 0;
		};
/* End PBXFrameworksBuildPhase section */

/* Begin PBXGroup section */
		C991F7F81A6FF6C700647E33 = {
			isa = PBXGroup;
			children = (
				C991F8031A6FF6C700647E33 /* FoldableTableView */,
				C991F81D1A6FF6C700647E33 /* FoldableTableViewTests */,
				C991F8021A6FF6C700647E33 /* Products */,
			);
			sourceTree = "<group>";
		};
		C991F8021A6FF6C700647E33 /* Products */ = {
			isa = PBXGroup;
			children = (
				C991F8011A6FF6C700647E33 /* FoldableTableView.app */,
				C991F81A1A6FF6C700647E33 /* FoldableTableViewTests.xctest */,
			);
			name = Products;
			sourceTree = "<group>";
		};
		C991F8031A6FF6C700647E33 /* FoldableTableView */ = {
			isa = PBXGroup;
			children = (
				C991F82A1A6FFB3B00647E33 /* RoomGroupTableViewCell.h */,
				C991F82B1A6FFB3B00647E33 /* RoomGroupTableViewCell.m */,
				C991F82D1A6FFB4D00647E33 /* RoomTableViewCell.h */,
				C991F82E1A6FFB4D00647E33 /* RoomTableViewCell.m */,
				C991F8081A6FF6C700647E33 /* AppDelegate.h */,
				C991F8091A6FF6C700647E33 /* AppDelegate.m */,
				C991F80B1A6FF6C700647E33 /* ViewController.h */,
				C991F80C1A6FF6C700647E33 /* ViewController.m */,
				C991F80E1A6FF6C700647E33 /* Main.storyboard */,
				C991F8111A6FF6C700647E33 /* Images.xcassets */,
				C991F8131A6FF6C700647E33 /* LaunchScreen.xib */,
				C991F8041A6FF6C700647E33 /* Supporting Files */,
			);
			path = FoldableTableView;
			sourceTree = "<group>";
		};
		C991F8041A6FF6C700647E33 /* Supporting Files */ = {
			isa = PBXGroup;
			children = (
				C991F8051A6FF6C700647E33 /* Info.plist */,
				C991F8061A6FF6C700647E33 /* main.m */,
			);
			name = "Supporting Files";
			sourceTree = "<group>";
		};
		C991F81D1A6FF6C700647E33 /* FoldableTableViewTests */ = {
			isa = PBXGroup;
			children = (
				C991F8201A6FF6C700647E33 /* FoldableTableViewTests.m */,
				C991F81E1A6FF6C700647E33 /* Supporting Files */,
			);
			path = FoldableTableViewTests;
			sourceTree = "<group>";
		};
		C991F81E1A6FF6C700647E33 /* Supporting Files */ = {
			isa = PBXGroup;
			children = (
				C991F81F1A6FF6C700647E33 /* Info.plist */,
			);
			name = "Supporting Files";
			sourceTree = "<group>";
		};
/* End PBXGroup section */

/* Begin PBXNativeTarget section */
		C991F8001A6FF6C700647E33 /* FoldableTableView */ = {
			isa = PBXNativeTarget;
			buildConfigurationList = C991F8241A6FF6C700647E33 /* Build configuration list for PBXNativeTarget "FoldableTableView" */;
			buildPhases = (
				C991F7FD1A6FF6C700647E33 /* Sources */,
				C991F7FE1A6FF6C700647E33 /* Frameworks */,
				C991F7FF1A6FF6C700647E33 /* Resources */,
			);
			buildRules = (
			);
			dependencies = (
			);
			name = FoldableTableView;
			productName = FoldableTableView;
			productReference = C991F8011A6FF6C700647E33 /* FoldableTableView.app */;
			productType = "com.apple.product-type.application";
		};
		C991F8191A6FF6C700647E33 /* FoldableTableViewTests */ = {
			isa = PBXNativeTarget;
			buildConfigurationList = C991F8271A6FF6C700647E33 /* Build configuration list for PBXNativeTarget "FoldableTableViewTests" */;
			buildPhases = (
				C991F8161A6FF6C700647E33 /* Sources */,
				C991F8171A6FF6C700647E33 /* Frameworks */,
				C991F8181A6FF6C700647E33 /* Resources */,
			);
			buildRules = (
			);
			dependencies = (
				C991F81C1A6FF6C700647E33 /* PBXTargetDependency */,
			);
			name = FoldableTableViewTests;
			productName = FoldableTableViewTests;
			productReference = C991F81A1A6FF6C700647E33 /* FoldableTableViewTests.xctest */;
			productType = "com.apple.product-type.bundle.unit-test";
		};
/* End PBXNativeTarget section */

/* Begin PBXProject section */
		C991F7F91A6FF6C700647E33 /* Project object */ = {
			isa = PBXProject;
			attributes = {
				LastUpgradeCheck = 0610;
				ORGANIZATIONNAME = kirn;
				TargetAttributes = {
					C991F8001A6FF6C700647E33 = {
						CreatedOnToolsVersion = 6.1.1;
					};
					C991F8191A6FF6C700647E33 = {
						CreatedOnToolsVersion = 6.1.1;
						TestTargetID = C991F8001A6FF6C700647E33;
					};
				};
			};
			buildConfigurationList = C991F7FC1A6FF6C700647E33 /* Build configuration list for PBXProject "FoldableTableView" */;
			compatibilityVersion = "Xcode 3.2";
			developmentRegion = English;
			hasScannedForEncodings = 0;
			knownRegions = (
				en,
				Base,
			);
			mainGroup = C991F7F81A6FF6C700647E33;
			productRefGroup = C991F8021A6FF6C700647E33 /* Products */;
			projectDirPath = "";
			projectRoot = "";
			targets = (
				C991F8001A6FF6C700647E33 /* FoldableTableView */,
				C991F8191A6FF6C700647E33 /* FoldableTableViewTests */,
			);
		};
/* End PBXProject section */

/* Begin PBXResourcesBuildPhase section */
		C991F7FF1A6FF6C700647E33 /* Resources */ = {
			isa = PBXResourcesBuildPhase;
			buildActionMask = 2147483647;
			files = (
				C991F8101A6FF6C700647E33 /* Main.storyboard in Resources */,
				C991F8151A6FF6C700647E33 /* LaunchScreen.xib in Resources */,
				C991F8121A6FF6C700647E33 /* Images.xcassets in Resources */,
			);
			runOnlyForDeploymentPostprocessing = 0;
		};
		C991F8181A6FF6C700647E33 /* Resources */ = {
			isa = PBXResourcesBuildPhase;
			buildActionMask = 2147483647;
			files = (
			);
			runOnlyForDeploymentPostprocessing = 0;
		};
/* End PBXResourcesBuildPhase section */

/* Begin PBXSourcesBuildPhase section */
		C991F7FD1A6FF6C700647E33 /* Sources */ = {
			isa = PBXSourcesBuildPhase;
			buildActionMask = 2147483647;
			files = (
				C991F82C1A6FFB3B00647E33 /* RoomGroupTableViewCell.m in Sources */,
				C991F80D1A6FF6C700647E33 /* ViewController.m in Sources */,
				C991F80A1A6FF6C700647E33 /* AppDelegate.m in Sources */,
				C991F8071A6FF6C700647E33 /* main.m in Sources */,
				C991F82F1A6FFB4D00647E33 /* RoomTableViewCell.m in Sources */,
			);
			runOnlyForDeploymentPostprocessing = 0;
		};
		C991F8161A6FF6C700647E33 /* Sources */ = {
			isa = PBXSourcesBuildPhase;
			buildActionMask = 2147483647;
			files = (
				C991F8211A6FF6C700647E33 /* FoldableTableViewTests.m in Sources */,
			);
			runOnlyForDeploymentPostprocessing = 0;
		};
/* End PBXSourcesBuildPhase section */

/* Begin PBXTargetDependency section */
		C991F81C1A6FF6C700647E33 /* PBXTargetDependency */ = {
			isa = PBXTargetDependency;
			target = C991F8001A6FF6C700647E33 /* FoldableTableView */;
			targetProxy = C991F81B1A6FF6C700647E33 /* PBXContainerItemProxy */;
		};
/* End PBXTargetDependency section */

/* Begin PBXVariantGroup section */
		C991F80E1A6FF6C700647E33 /* Main.storyboard */ = {
			isa = PBXVariantGroup;
			children = (
				C991F80F1A6FF6C700647E33 /* Base */,
			);
			name = Main.storyboard;
			sourceTree = "<group>";
		};
		C991F8131A6FF6C700647E33 /* LaunchScreen.xib */ = {
			isa = PBXVariantGroup;
			children = (
				C991F8141A6FF6C700647E33 /* Base */,
			);
			name = LaunchScreen.xib;
			sourceTree = "<group>";
		};
/* End PBXVariantGroup section */

/* Begin XCBuildConfiguration section */
		C991F8221A6FF6C700647E33 /* Debug */ = {
			isa = XCBuildConfiguration;
			buildSettings = {
				ALWAYS_SEARCH_USER_PATHS = NO;
				CLANG_CXX_LANGUAGE_STANDARD = "gnu++0x";
				CLANG_CXX_LIBRARY = "libc++";
				CLANG_ENABLE_MODULES = YES;
				CLANG_ENABLE_OBJC_ARC = YES;
				CLANG_WARN_BOOL_CONVERSION = YES;
				CLANG_WARN_CONSTANT_CONVERSION = YES;
				CLANG_WARN_DIRECT_OBJC_ISA_USAGE = YES_ERROR;
				CLANG_WARN_EMPTY_BODY = YES;
				CLANG_WARN_ENUM_CONVERSION = YES;
				CLANG_WARN_INT_CONVERSION = YES;
				CLANG_WARN_OBJC_ROOT_CLASS = YES_ERROR;
				CLANG_WARN_UNREACHABLE_CODE = YES;
				CLANG_WARN__DUPLICATE_METHOD_MATCH = YES;
				"CODE_SIGN_IDENTITY[sdk=iphoneos*]" = "iPhone Developer";
				COPY_PHASE_STRIP = NO;
				ENABLE_STRICT_OBJC_MSGSEND = YES;
				GCC_C_LANGUAGE_STANDARD = gnu99;
				GCC_DYNAMIC_NO_PIC = NO;
				GCC_OPTIMIZATION_LEVEL = 0;
				GCC_PREPROCESSOR_DEFINITIONS = (
					"DEBUG=1",
					"$(inherited)",
				);
				GCC_SYMBOLS_PRIVATE_EXTERN = NO;
				GCC_WARN_64_TO_32_BIT_CONVERSION = YES;
				GCC_WARN_ABOUT_RETURN_TYPE = YES_ERROR;
				GCC_WARN_UNDECLARED_SELECTOR = YES;
				GCC_WARN_UNINITIALIZED_AUTOS = YES_AGGRESSIVE;
				GCC_WARN_UNUSED_FUNCTION = YES;
				GCC_WARN_UNUSED_VARIABLE = YES;
				IPHONEOS_DEPLOYMENT_TARGET = 8.1;
				MTL_ENABLE_DEBUG_INFO = YES;
				ONLY_ACTIVE_ARCH = YES;
				SDKROOT = iphoneos;
				TARGETED_DEVICE_FAMILY = "1,2";
			};
			name = Debug;
		};
		C991F8231A6FF6C700647E33 /* Release */ = {
			isa = XCBuildConfiguration;
			buildSettings = {
				ALWAYS_SEARCH_USER_PATHS = NO;
				CLANG_CXX_LANGUAGE_STANDARD = "gnu++0x";
				CLANG_CXX_LIBRARY = "libc++";
				CLANG_ENABLE_MODULES = YES;
				CLANG_ENABLE_OBJC_ARC = YES;
				CLANG_WARN_BOOL_CONVERSION = YES;
				CLANG_WARN_CONSTANT_CONVERSION = YES;
				CLANG_WARN_DIRECT_OBJC_ISA_USAGE = YES_ERROR;
				CLANG_WARN_EMPTY_BODY = YES;
				CLANG_WARN_ENUM_CONVERSION = YES;
				CLANG_WARN_INT_CONVERSION = YES;
				CLANG_WARN_OBJC_ROOT_CLASS = YES_ERROR;
				CLANG_WARN_UNREACHABLE_CODE = YES;
				CLANG_WARN__DUPLICATE_METHOD_MATCH = YES;
				"CODE_SIGN_IDENTITY[sdk=iphoneos*]" = "iPhone Developer";
				COPY_PHASE_STRIP = YES;
				ENABLE_NS_ASSERTIONS = NO;
				ENABLE_STRICT_OBJC_MSGSEND = YES;
				GCC_C_LANGUAGE_STANDARD = gnu99;
				GCC_WARN_64_TO_32_BIT_CONVERSION = YES;
				GCC_WARN_ABOUT_RETURN_TYPE = YES_ERROR;
				GCC_WARN_UNDECLARED_SELECTOR = YES;
				GCC_WARN_UNINITIALIZED_AUTOS = YES_AGGRESSIVE;
				GCC_WARN_UNUSED_FUNCTION = YES;
				GCC_WARN_UNUSED_VARIABLE = YES;
				IPHONEOS_DEPLOYMENT_TARGET = 8.1;
				MTL_ENABLE_DEBUG_INFO = NO;
				SDKROOT = iphoneos;
				TARGETED_DEVICE_FAMILY = "1,2";
				VALIDATE_PRODUCT = YES;
			};
			name = Release;
		};
		C991F8251A6FF6C700647E33 /* Debug */ = {
			isa = XCBuildConfiguration;
			buildSettings = {
				ASSETCATALOG_COMPILER_APPICON_NAME = AppIcon;
				INFOPLIST_FILE = FoldableTableView/Info.plist;
				LD_RUNPATH_SEARCH_PATHS = "$(inherited) @executable_path/Frameworks";
				PRODUCT_NAME = "$(TARGET_NAME)";
			};
			name = Debug;
		};
		C991F8261A6FF6C700647E33 /* Release */ = {
			isa = XCBuildConfiguration;
			buildSettings = {
				ASSETCATALOG_COMPILER_APPICON_NAME = AppIcon;
				INFOPLIST_FILE = FoldableTableView/Info.plist;
				LD_RUNPATH_SEARCH_PATHS = "$(inherited) @executable_path/Frameworks";
				PRODUCT_NAME = "$(TARGET_NAME)";
			};
			name = Release;
		};
		C991F8281A6FF6C700647E33 /* Debug */ = {
			isa = XCBuildConfiguration;
			buildSettings = {
				BUNDLE_LOADER = "$(TEST_HOST)";
				FRAMEWORK_SEARCH_PATHS = (
					"$(SDKROOT)/Developer/Library/Frameworks",
					"$(inherited)",
				);
				GCC_PREPROCESSOR_DEFINITIONS = (
					"DEBUG=1",
					"$(inherited)",
				);
				INFOPLIST_FILE = FoldableTableViewTests/Info.plist;
				LD_RUNPATH_SEARCH_PATHS = "$(inherited) @executable_path/Frameworks @loader_path/Frameworks";
				PRODUCT_NAME = "$(TARGET_NAME)";
				TEST_HOST = "$(BUILT_PRODUCTS_DIR)/FoldableTableView.app/FoldableTableView";
			};
			name = Debug;
		};
		C991F8291A6FF6C700647E33 /* Release */ = {
			isa = XCBuildConfiguration;
			buildSettings = {
				BUNDLE_LOADER = "$(TEST_HOST)";
				FRAMEWORK_SEARCH_PATHS = (
					"$(SDKROOT)/Developer/Library/Frameworks",
					"$(inherited)",
				);
				INFOPLIST_FILE = FoldableTableViewTests/Info.plist;
				LD_RUNPATH_SEARCH_PATHS = "$(inherited) @executable_path/Frameworks @loader_path/Frameworks";
				PRODUCT_NAME = "$(TARGET_NAME)";
				TEST_HOST = "$(BUILT_PRODUCTS_DIR)/FoldableTableView.app/FoldableTableView";
			};
			name = Release;
		};
/* End XCBuildConfiguration section */

/* Begin XCConfigurationList section */
		C991F7FC1A6FF6C700647E33 /* Build configuration list for PBXProject "FoldableTableView" */ = {
			isa = XCConfigurationList;
			buildConfigurations = (
				C991F8221A6FF6C700647E33 /* Debug */,
				C991F8231A6FF6C700647E33 /* Release */,
			);
			defaultConfigurationIsVisible = 0;
			defaultConfigurationName = Release;
		};
		C991F8241A6FF6C700647E33 /* Build configuration list for PBXNativeTarget "FoldableTableView" */ = {
			isa = XCConfigurationList;
			buildConfigurations = (
				C991F8251A6FF6C700647E33 /* Debug */,
				C991F8261A6FF6C700647E33 /* Release */,
			);
			defaultConfigurationIsVisible = 0;
		};
		C991F8271A6FF6C700647E33 /* Build configuration list for PBXNativeTarget "FoldableTableViewTests" */ = {
			isa = XCConfigurationList;
			buildConfigurations = (
				C991F8281A6FF6C700647E33 /* Debug */,
				C991F8291A6FF6C700647E33 /* Release */,
			);
			defaultConfigurationIsVisible = 0;
		};
/* End XCConfigurationList section */
	};
	rootObject = C991F7F91A6FF6C700647E33 /* Project object */;
}
